{
  "requires": true,
  "lockfileVersion": 1,
  "dependencies": {
    "@types/faker": {
      "version": "4.1.2",
      "resolved": "https://registry.npmjs.org/@types/faker/-/faker-4.1.2.tgz",
      "integrity": "sha512-32BasKfxbdCSayhM/i4yu+EA3hlLHZrDBeDUPbSYQv2jL5tFdHjzmiRe6/xFB9Jot0M22WhBwk0Zi981jxksUw=="
    },
    "@types/shortid": {
      "version": "0.0.29",
      "resolved": "https://registry.npmjs.org/@types/shortid/-/shortid-0.0.29.tgz",
      "integrity": "sha1-gJPuBBam4r8qpjOBCRFLP7/6Dps="
    },
    "faker": {
      "version": "4.1.0",
      "resolved": "https://registry.npmjs.org/faker/-/faker-4.1.0.tgz",
      "integrity": "sha1-HkW7vsxndLPBlfrSg1EJxtdIzD8="
    },
    "shortid": {
      "version": "2.2.8",
      "resolved": "https://registry.npmjs.org/shortid/-/shortid-2.2.8.tgz",
      "integrity": "sha1-AzsRfWoul1gE9vCWnb59PQs1UTE="
    }
  }
}
