{
  "name": "react-iscroller",
  "version": "1.0.8",
  "lockfileVersion": 1,
  "requires": true,
  "dependencies": {
    "@types/react": {
      "version": "15.6.1",
      "resolved": "https://registry.npmjs.org/@types/react/-/react-15.6.1.tgz",
      "integrity": "sha512-tfKYi5NyVcZH8zkF9JTbPpTcebanZpkxEYXQUlpeqg4kV8gC3LeM4acPD4y53Yx0etWChURVx+Rj9aoxTcyBkA==",
      "dev": true
    },
    "@types/react-dom": {
      "version": "0.14.23",
      "resolved": "https://registry.npmjs.org/@types/react-dom/-/react-dom-0.14.23.tgz",
      "integrity": "sha1-zs/PrXVLTCdl/l0puBswGImtbC4=",
      "dev": true,
      "requires": {
        "@types/react": "15.6.1"
      }
    }
  }
}
